
Microsoft Visual Studio Solution File, Format Version 12.00
# Visual Studio Version 17
VisualStudioVersion = 17.3.32714.290
MinimumVisualStudioVersion = 10.0.40219.1
Project("{FAE04EC0-301F-11D3-BF4B-00C04F79EFBC}") = "01_Fody", "01_Fody\01_Fody.csproj", "{C574E52B-84C0-4C6B-B3D4-5A2794000848}"
EndProject
Global
	GlobalSection(SolutionConfigurationPlatforms) = preSolution
		Debug|Any CPU = Debug|Any CPU
		Release|Any CPU = Release|Any CPU
	EndGlobalSection
	GlobalSection(ProjectConfigurationPlatforms) = postSolution
		{C574E52B-84C0-4C6B-B3D4-5A2794000848}.Debug|Any CPU.ActiveCfg = Debug|Any CPU
		{C574E52B-84C0-4C6B-B3D4-5A2794000848}.Debug|Any CPU.Build.0 = Debug|Any CPU
		{C574E52B-84C0-4C6B-B3D4-5A2794000848}.Release|Any CPU.ActiveCfg = Release|Any CPU
		{C574E52B-84C0-4C6B-B3D4-5A2794000848}.Release|Any CPU.Build.0 = Release|Any CPU
	EndGlobalSection
	GlobalSection(SolutionProperties) = preSolution
		HideSolutionNode = FALSE
	EndGlobalSection
	GlobalSection(ExtensibilityGlobals) = postSolution
		SolutionGuid = {D72E239D-7BE7-4586-A42B-0D162541C7C0}
	EndGlobalSection
EndGlobal
